
Microsoft Visual Studio Solution File, Format Version 12.00
# Visual Studio 14
VisualStudioVersion = 14.0.25420.1
MinimumVisualStudioVersion = 10.0.40219.1
Project("{FAE04EC0-301F-11D3-BF4B-00C04F79EFBC}") = "biz.dfch.CS.Logging.Service.Core", "biz.dfch.CS.Logging.Service.Core\biz.dfch.CS.Logging.Service.Core.csproj", "{ED3CBDAE-82B0-43EA-BE69-B0CAD148A209}"
EndProject
Project("{2150E333-8FDC-42A3-9474-1A3956D46DE8}") = "Release", "Release", "{A65013C9-80C1-468E-8E17-40A2D9B29E73}"
	ProjectSection(SolutionItems) = preProject
		AssemblyVersion.cs = AssemblyVersion.cs
	EndProjectSection
EndProject
Project("{FAE04EC0-301F-11D3-BF4B-00C04F79EFBC}") = "biz.dfch.CS.Logging.Service.Core.Tests", "biz.dfch.CS.Logging.Service.Core.Tests\biz.dfch.CS.Logging.Service.Core.Tests.csproj", "{EBCD3EA5-FDA8-46F0-91C6-5A460CB6854F}"
EndProject
Global
	GlobalSection(SolutionConfigurationPlatforms) = preSolution
		Debug|Any CPU = Debug|Any CPU
		Debug|x64 = Debug|x64
		Release|Any CPU = Release|Any CPU
		Release|x64 = Release|x64
	EndGlobalSection
	GlobalSection(ProjectConfigurationPlatforms) = postSolution
		{ED3CBDAE-82B0-43EA-BE69-B0CAD148A209}.Debug|Any CPU.ActiveCfg = Debug|Any CPU
		{ED3CBDAE-82B0-43EA-BE69-B0CAD148A209}.Debug|Any CPU.Build.0 = Debug|Any CPU
		{ED3CBDAE-82B0-43EA-BE69-B0CAD148A209}.Debug|x64.ActiveCfg = Debug|x64
		{ED3CBDAE-82B0-43EA-BE69-B0CAD148A209}.Debug|x64.Build.0 = Debug|x64
		{ED3CBDAE-82B0-43EA-BE69-B0CAD148A209}.Release|Any CPU.ActiveCfg = Release|Any CPU
		{ED3CBDAE-82B0-43EA-BE69-B0CAD148A209}.Release|Any CPU.Build.0 = Release|Any CPU
		{ED3CBDAE-82B0-43EA-BE69-B0CAD148A209}.Release|x64.ActiveCfg = Release|x64
		{ED3CBDAE-82B0-43EA-BE69-B0CAD148A209}.Release|x64.Build.0 = Release|x64
		{EBCD3EA5-FDA8-46F0-91C6-5A460CB6854F}.Debug|Any CPU.ActiveCfg = Debug|Any CPU
		{EBCD3EA5-FDA8-46F0-91C6-5A460CB6854F}.Debug|Any CPU.Build.0 = Debug|Any CPU
		{EBCD3EA5-FDA8-46F0-91C6-5A460CB6854F}.Debug|x64.ActiveCfg = Debug|Any CPU
		{EBCD3EA5-FDA8-46F0-91C6-5A460CB6854F}.Debug|x64.Build.0 = Debug|Any CPU
		{EBCD3EA5-FDA8-46F0-91C6-5A460CB6854F}.Release|Any CPU.ActiveCfg = Release|Any CPU
		{EBCD3EA5-FDA8-46F0-91C6-5A460CB6854F}.Release|Any CPU.Build.0 = Release|Any CPU
		{EBCD3EA5-FDA8-46F0-91C6-5A460CB6854F}.Release|x64.ActiveCfg = Release|Any CPU
		{EBCD3EA5-FDA8-46F0-91C6-5A460CB6854F}.Release|x64.Build.0 = Release|Any CPU
	EndGlobalSection
	GlobalSection(SolutionProperties) = preSolution
		HideSolutionNode = FALSE
	EndGlobalSection
EndGlobal
